
Microsoft Visual Studio Solution File, Format Version 12.00
# Visual Studio Version 17
VisualStudioVersion = 17.4.33403.182
MinimumVisualStudioVersion = 10.0.40219.1
Project("{9A19103F-16F7-4668-BE54-9A1E7A4F7556}") = "TaskExecutor", "TaskExecutor\TaskExecutor.csproj", "{58986154-440C-41DA-99C6-F10D513841A0}"
EndProject
Project("{2150E333-8FDC-42A3-9474-1A3956D46DE8}") = "Solution Items", "Solution Items", "{9C07EF02-1F80-4DB5-AAC2-5CFB2BE28A56}"
	ProjectSection(SolutionItems) = preProject
		Directory.Build.props = Directory.Build.props
		README.md = README.md
	EndProjectSection
EndProject
Project("{FAE04EC0-301F-11D3-BF4B-00C04F79EFBC}") = "TaskExecutor.DemoConsole", "TaskExecutor.DemoConsole\TaskExecutor.DemoConsole.csproj", "{70978BDD-4426-4399-B72F-BC85CE684971}"
EndProject
Global
	GlobalSection(SolutionConfigurationPlatforms) = preSolution
		Debug|Any CPU = Debug|Any CPU
		Release|Any CPU = Release|Any CPU
	EndGlobalSection
	GlobalSection(ProjectConfigurationPlatforms) = postSolution
		{58986154-440C-41DA-99C6-F10D513841A0}.Debug|Any CPU.ActiveCfg = Debug|Any CPU
		{58986154-440C-41DA-99C6-F10D513841A0}.Debug|Any CPU.Build.0 = Debug|Any CPU
		{58986154-440C-41DA-99C6-F10D513841A0}.Release|Any CPU.ActiveCfg = Release|Any CPU
		{58986154-440C-41DA-99C6-F10D513841A0}.Release|Any CPU.Build.0 = Release|Any CPU
		{70978BDD-4426-4399-B72F-BC85CE684971}.Debug|Any CPU.ActiveCfg = Debug|Any CPU
		{70978BDD-4426-4399-B72F-BC85CE684971}.Debug|Any CPU.Build.0 = Debug|Any CPU
		{70978BDD-4426-4399-B72F-BC85CE684971}.Release|Any CPU.ActiveCfg = Release|Any CPU
		{70978BDD-4426-4399-B72F-BC85CE684971}.Release|Any CPU.Build.0 = Release|Any CPU
	EndGlobalSection
	GlobalSection(SolutionProperties) = preSolution
		HideSolutionNode = FALSE
	EndGlobalSection
	GlobalSection(ExtensibilityGlobals) = postSolution
		SolutionGuid = {AE2ED813-FF54-4457-A7C6-7126F66614EB}
	EndGlobalSection
EndGlobal
